
Microsoft Visual Studio Solution File, Format Version 12.00
# Visual Studio Version 17
VisualStudioVersion = 17.0.31903.59
MinimumVisualStudioVersion = 10.0.40219.1
Project("{2150E333-8FDC-42A3-9474-1A3956D46DE8}") = "src", "src", "{D06EA791-FF79-43E9-A06D-DDFB376F2287}"
EndProject
Project("{FAE04EC0-301F-11D3-BF4B-00C04F79EFBC}") = "Know", "src\Know\Know.csproj", "{8DF561B3-561E-4DE2-B122-8CE183BEE0D2}"
EndProject
Global
	GlobalSection(SolutionConfigurationPlatforms) = preSolution
		Debug|Any CPU = Debug|Any CPU
		Release|Any CPU = Release|Any CPU
	EndGlobalSection
	GlobalSection(SolutionProperties) = preSolution
		HideSolutionNode = FALSE
	EndGlobalSection
	GlobalSection(ProjectConfigurationPlatforms) = postSolution
		{8DF561B3-561E-4DE2-B122-8CE183BEE0D2}.Debug|Any CPU.ActiveCfg = Debug|Any CPU
		{8DF561B3-561E-4DE2-B122-8CE183BEE0D2}.Debug|Any CPU.Build.0 = Debug|Any CPU
		{8DF561B3-561E-4DE2-B122-8CE183BEE0D2}.Release|Any CPU.ActiveCfg = Release|Any CPU
		{8DF561B3-561E-4DE2-B122-8CE183BEE0D2}.Release|Any CPU.Build.0 = Release|Any CPU
	EndGlobalSection
	GlobalSection(NestedProjects) = preSolution
		{8DF561B3-561E-4DE2-B122-8CE183BEE0D2} = {D06EA791-FF79-43E9-A06D-DDFB376F2287}
	EndGlobalSection
EndGlobal
